
Microsoft Visual Studio Solution File, Format Version 12.00
# Visual Studio Version 16
VisualStudioVersion = 16.0.29403.142
MinimumVisualStudioVersion = 10.0.40219.1
Project("{FAE04EC0-301F-11D3-BF4B-00C04F79EFBC}") = "CarRepair", "CarRepair\CarRepair.csproj", "{D77CBD93-D1F0-4BFB-A59C-5FB9AB6EA8EA}"
EndProject
Global
	GlobalSection(SolutionConfigurationPlatforms) = preSolution
		Debug|Any CPU = Debug|Any CPU
		Release|Any CPU = Release|Any CPU
	EndGlobalSection
	GlobalSection(ProjectConfigurationPlatforms) = postSolution
		{D77CBD93-D1F0-4BFB-A59C-5FB9AB6EA8EA}.Debug|Any CPU.ActiveCfg = Debug|Any CPU
		{D77CBD93-D1F0-4BFB-A59C-5FB9AB6EA8EA}.Debug|Any CPU.Build.0 = Debug|Any CPU
		{D77CBD93-D1F0-4BFB-A59C-5FB9AB6EA8EA}.Release|Any CPU.ActiveCfg = Release|Any CPU
		{D77CBD93-D1F0-4BFB-A59C-5FB9AB6EA8EA}.Release|Any CPU.Build.0 = Release|Any CPU
	EndGlobalSection
	GlobalSection(SolutionProperties) = preSolution
		HideSolutionNode = FALSE
	EndGlobalSection
	GlobalSection(ExtensibilityGlobals) = postSolution
		SolutionGuid = {E56FAB39-C4DA-4015-A46D-31AE22E5B532}
	EndGlobalSection
EndGlobal
