
Microsoft Visual Studio Solution File, Format Version 12.00
# Visual Studio Version 16
VisualStudioVersion = 16.0.29306.81
MinimumVisualStudioVersion = 10.0.40219.1
Project("{FAE04EC0-301F-11D3-BF4B-00C04F79EFBC}") = "Zimin_Maxim_PRI_116_Lab_03", "Zimin_Maxim_PRI_116_Lab_03\Zimin_Maxim_PRI_116_Lab_03.csproj", "{F399BAF2-F8BF-43A6-B533-A3BEDA2C8450}"
EndProject
Global
	GlobalSection(SolutionConfigurationPlatforms) = preSolution
		Debug|Any CPU = Debug|Any CPU
		Release|Any CPU = Release|Any CPU
	EndGlobalSection
	GlobalSection(ProjectConfigurationPlatforms) = postSolution
		{F399BAF2-F8BF-43A6-B533-A3BEDA2C8450}.Debug|Any CPU.ActiveCfg = Debug|Any CPU
		{F399BAF2-F8BF-43A6-B533-A3BEDA2C8450}.Debug|Any CPU.Build.0 = Debug|Any CPU
		{F399BAF2-F8BF-43A6-B533-A3BEDA2C8450}.Release|Any CPU.ActiveCfg = Release|Any CPU
		{F399BAF2-F8BF-43A6-B533-A3BEDA2C8450}.Release|Any CPU.Build.0 = Release|Any CPU
	EndGlobalSection
	GlobalSection(SolutionProperties) = preSolution
		HideSolutionNode = FALSE
	EndGlobalSection
	GlobalSection(ExtensibilityGlobals) = postSolution
		SolutionGuid = {A8354399-09A8-4853-8CE6-D91E708060AF}
	EndGlobalSection
EndGlobal
