
Microsoft Visual Studio Solution File, Format Version 12.00
# Visual Studio 15
VisualStudioVersion = 15.0.28307.329
MinimumVisualStudioVersion = 10.0.40219.1
Project("{8BC9CEB8-8B4A-11D0-8D11-00A0C91BC942}") = "StorePhone", "StorePhone\StorePhone.vcxproj", "{09D60363-0853-45DC-BE92-44252E3ABBC5}"
EndProject
Global
	GlobalSection(SolutionConfigurationPlatforms) = preSolution
		Debug|ARM = Debug|ARM
		Debug|x64 = Debug|x64
		Debug|x86 = Debug|x86
		Release|ARM = Release|ARM
		Release|x64 = Release|x64
		Release|x86 = Release|x86
	EndGlobalSection
	GlobalSection(ProjectConfigurationPlatforms) = postSolution
		{09D60363-0853-45DC-BE92-44252E3ABBC5}.Debug|ARM.ActiveCfg = Debug|ARM
		{09D60363-0853-45DC-BE92-44252E3ABBC5}.Debug|ARM.Build.0 = Debug|ARM
		{09D60363-0853-45DC-BE92-44252E3ABBC5}.Debug|x64.ActiveCfg = Debug|x64
		{09D60363-0853-45DC-BE92-44252E3ABBC5}.Debug|x64.Build.0 = Debug|x64
		{09D60363-0853-45DC-BE92-44252E3ABBC5}.Debug|x86.ActiveCfg = Debug|Win32
		{09D60363-0853-45DC-BE92-44252E3ABBC5}.Debug|x86.Build.0 = Debug|Win32
		{09D60363-0853-45DC-BE92-44252E3ABBC5}.Release|ARM.ActiveCfg = Release|ARM
		{09D60363-0853-45DC-BE92-44252E3ABBC5}.Release|ARM.Build.0 = Release|ARM
		{09D60363-0853-45DC-BE92-44252E3ABBC5}.Release|x64.ActiveCfg = Release|x64
		{09D60363-0853-45DC-BE92-44252E3ABBC5}.Release|x64.Build.0 = Release|x64
		{09D60363-0853-45DC-BE92-44252E3ABBC5}.Release|x86.ActiveCfg = Release|Win32
		{09D60363-0853-45DC-BE92-44252E3ABBC5}.Release|x86.Build.0 = Release|Win32
	EndGlobalSection
	GlobalSection(SolutionProperties) = preSolution
		HideSolutionNode = FALSE
	EndGlobalSection
	GlobalSection(ExtensibilityGlobals) = postSolution
		SolutionGuid = {7E11DF81-53DE-47B6-8474-430181B49AAC}
	EndGlobalSection
EndGlobal
