
Microsoft Visual Studio Solution File, Format Version 12.00
# Visual Studio Version 16
VisualStudioVersion = 16.0.29519.87
MinimumVisualStudioVersion = 10.0.40219.1
Project("{FAE04EC0-301F-11D3-BF4B-00C04F79EFBC}") = "WorkerPluginAPI", "WorkerPluginAPI\WorkerPluginAPI.csproj", "{D87A93A5-4E47-4B71-A131-371E38C62ECD}"
EndProject
Global
	GlobalSection(SolutionConfigurationPlatforms) = preSolution
		Debug|Any CPU = Debug|Any CPU
		Release|Any CPU = Release|Any CPU
	EndGlobalSection
	GlobalSection(ProjectConfigurationPlatforms) = postSolution
		{D87A93A5-4E47-4B71-A131-371E38C62ECD}.Debug|Any CPU.ActiveCfg = Debug|Any CPU
		{D87A93A5-4E47-4B71-A131-371E38C62ECD}.Debug|Any CPU.Build.0 = Debug|Any CPU
		{D87A93A5-4E47-4B71-A131-371E38C62ECD}.Release|Any CPU.ActiveCfg = Release|Any CPU
		{D87A93A5-4E47-4B71-A131-371E38C62ECD}.Release|Any CPU.Build.0 = Release|Any CPU
	EndGlobalSection
	GlobalSection(SolutionProperties) = preSolution
		HideSolutionNode = FALSE
	EndGlobalSection
	GlobalSection(ExtensibilityGlobals) = postSolution
		SolutionGuid = {3546B54A-C852-42AA-8263-0738F17D61CC}
	EndGlobalSection
EndGlobal
