
Microsoft Visual Studio Solution File, Format Version 12.00
# Visual Studio Version 16
VisualStudioVersion = 16.0.30503.244
MinimumVisualStudioVersion = 10.0.40219.1
Project("{FAE04EC0-301F-11D3-BF4B-00C04F79EFBC}") = "SiteCarAsp", "SiteCarAsp\SiteCarAsp.csproj", "{47540B83-EC93-4E5E-9A11-2E257E009757}"
EndProject
Global
	GlobalSection(SolutionConfigurationPlatforms) = preSolution
		Debug|Any CPU = Debug|Any CPU
		Release|Any CPU = Release|Any CPU
	EndGlobalSection
	GlobalSection(ProjectConfigurationPlatforms) = postSolution
		{47540B83-EC93-4E5E-9A11-2E257E009757}.Debug|Any CPU.ActiveCfg = Debug|Any CPU
		{47540B83-EC93-4E5E-9A11-2E257E009757}.Debug|Any CPU.Build.0 = Debug|Any CPU
		{47540B83-EC93-4E5E-9A11-2E257E009757}.Release|Any CPU.ActiveCfg = Release|Any CPU
		{47540B83-EC93-4E5E-9A11-2E257E009757}.Release|Any CPU.Build.0 = Release|Any CPU
	EndGlobalSection
	GlobalSection(SolutionProperties) = preSolution
		HideSolutionNode = FALSE
	EndGlobalSection
	GlobalSection(ExtensibilityGlobals) = postSolution
		SolutionGuid = {57472203-82A6-4727-A17D-A4830628A224}
	EndGlobalSection
EndGlobal
