
Microsoft Visual Studio Solution File, Format Version 12.00
# Visual Studio Version 16
VisualStudioVersion = 16.0.29519.87
MinimumVisualStudioVersion = 10.0.40219.1
Project("{FAE04EC0-301F-11D3-BF4B-00C04F79EFBC}") = "Garage", "Garage\Garage.csproj", "{328D7EDA-2E0F-474F-9C03-3893F8663E01}"
EndProject
Global
	GlobalSection(SolutionConfigurationPlatforms) = preSolution
		Debug|Any CPU = Debug|Any CPU
		Release|Any CPU = Release|Any CPU
	EndGlobalSection
	GlobalSection(ProjectConfigurationPlatforms) = postSolution
		{328D7EDA-2E0F-474F-9C03-3893F8663E01}.Debug|Any CPU.ActiveCfg = Debug|Any CPU
		{328D7EDA-2E0F-474F-9C03-3893F8663E01}.Debug|Any CPU.Build.0 = Debug|Any CPU
		{328D7EDA-2E0F-474F-9C03-3893F8663E01}.Release|Any CPU.ActiveCfg = Release|Any CPU
		{328D7EDA-2E0F-474F-9C03-3893F8663E01}.Release|Any CPU.Build.0 = Release|Any CPU
	EndGlobalSection
	GlobalSection(SolutionProperties) = preSolution
		HideSolutionNode = FALSE
	EndGlobalSection
	GlobalSection(ExtensibilityGlobals) = postSolution
		SolutionGuid = {23624452-B6A9-4061-B29E-08D6A8439170}
	EndGlobalSection
EndGlobal
