
Microsoft Visual Studio Solution File, Format Version 12.00
# Visual Studio 15
VisualStudioVersion = 15.0.27130.2024
MinimumVisualStudioVersion = 10.0.40219.1
Project("{8BC9CEB8-8B4A-11D0-8D11-00A0C91BC942}") = "Wolf_Rabbit", "Wolf_Rabbit\Wolf_Rabbit.vcxproj", "{07E46D51-E828-4F4F-B074-9DAE2C1DB734}"
EndProject
Global
	GlobalSection(SolutionConfigurationPlatforms) = preSolution
		Debug|x64 = Debug|x64
		Debug|x86 = Debug|x86
		Release|x64 = Release|x64
		Release|x86 = Release|x86
	EndGlobalSection
	GlobalSection(ProjectConfigurationPlatforms) = postSolution
		{07E46D51-E828-4F4F-B074-9DAE2C1DB734}.Debug|x64.ActiveCfg = Debug|x64
		{07E46D51-E828-4F4F-B074-9DAE2C1DB734}.Debug|x64.Build.0 = Debug|x64
		{07E46D51-E828-4F4F-B074-9DAE2C1DB734}.Debug|x86.ActiveCfg = Debug|Win32
		{07E46D51-E828-4F4F-B074-9DAE2C1DB734}.Debug|x86.Build.0 = Debug|Win32
		{07E46D51-E828-4F4F-B074-9DAE2C1DB734}.Release|x64.ActiveCfg = Release|x64
		{07E46D51-E828-4F4F-B074-9DAE2C1DB734}.Release|x64.Build.0 = Release|x64
		{07E46D51-E828-4F4F-B074-9DAE2C1DB734}.Release|x86.ActiveCfg = Release|Win32
		{07E46D51-E828-4F4F-B074-9DAE2C1DB734}.Release|x86.Build.0 = Release|Win32
	EndGlobalSection
	GlobalSection(SolutionProperties) = preSolution
		HideSolutionNode = FALSE
	EndGlobalSection
	GlobalSection(ExtensibilityGlobals) = postSolution
		SolutionGuid = {FBB71D0E-EA49-479E-9190-789B50C3FACA}
	EndGlobalSection
EndGlobal
