
Microsoft Visual Studio Solution File, Format Version 12.00
# Visual Studio Version 16
VisualStudioVersion = 16.0.30523.141
MinimumVisualStudioVersion = 10.0.40219.1
Project("{888888A0-9F3D-457C-B088-3A5042F75D52}") = "PyChatServer", "PyChat\PyChatServer.pyproj", "{B04317CE-0017-4789-AFDD-740025DB362B}"
EndProject
Project("{888888A0-9F3D-457C-B088-3A5042F75D52}") = "PyChatClient", "PyChatClient\PyChatClient.pyproj", "{0E51DEAA-889C-42CA-B86F-9E4ECAC43567}"
EndProject
Global
	GlobalSection(SolutionConfigurationPlatforms) = preSolution
		Debug|Any CPU = Debug|Any CPU
		Release|Any CPU = Release|Any CPU
	EndGlobalSection
	GlobalSection(ProjectConfigurationPlatforms) = postSolution
		{B04317CE-0017-4789-AFDD-740025DB362B}.Debug|Any CPU.ActiveCfg = Debug|Any CPU
		{B04317CE-0017-4789-AFDD-740025DB362B}.Release|Any CPU.ActiveCfg = Release|Any CPU
		{0E51DEAA-889C-42CA-B86F-9E4ECAC43567}.Debug|Any CPU.ActiveCfg = Debug|Any CPU
		{0E51DEAA-889C-42CA-B86F-9E4ECAC43567}.Release|Any CPU.ActiveCfg = Release|Any CPU
	EndGlobalSection
	GlobalSection(SolutionProperties) = preSolution
		HideSolutionNode = FALSE
	EndGlobalSection
	GlobalSection(ExtensibilityGlobals) = postSolution
		SolutionGuid = {0D274DAE-BB98-42F1-9BBB-793EC2F30930}
	EndGlobalSection
EndGlobal
